{
  "pins" : [
    {
      "identity" : "rewindps4proxy",
      "kind" : "remoteSourceControl",
      "location" : "https://github.com/AuntAnt/RewindPS4Proxy.git",
      "state" : {
        "revision" : "236a983685b94cd63f35620073f49bed450f3b4c",
        "version" : "1.0.5"
      }
    }
  ],
  "version" : 2
}
