{
  "pins" : [
    {
      "identity" : "rewindps4proxy",
      "kind" : "remoteSourceControl",
      "location" : "https://github.com/AuntAnt/RewindPS4Proxy.git",
      "state" : {
        "revision" : "2ca8246cf694d465488d60447a06220b83ceef88",
        "version" : "1.0.2"
      }
    }
  ],
  "version" : 2
}
